// !$*UTF8*$!
{
	archiveVersion = 1;
	classes = {
	};
	objectVersion = 55;
	objects = {

/* Begin PBXBuildFile section */
		84219E8727D11FB3002A95F2 /* SecondViewController.swift in Sources */ = {isa = PBXBuildFile; fileRef = 84219E8627D11FB3002A95F2 /* SecondViewController.swift */; };
		84219E8927D12FD9002A95F2 /* FoodViewController.swift in Sources */ = {isa = PBXBuildFile; fileRef = 84219E8827D12FD9002A95F2 /* FoodViewController.swift */; };
		84219E8B27D13097002A95F2 /* RoomViewController.swift in Sources */ = {isa = PBXBuildFile; fileRef = 84219E8A27D13097002A95F2 /* RoomViewController.swift */; };
		8454BDC827D95FBD0022D142 /* aReviewViewController.swift in Sources */ = {isa = PBXBuildFile; fileRef = 8454BDC727D95FBD0022D142 /* aReviewViewController.swift */; };
		8454BDCA27D9CC950022D142 /* ReviewCDTAbleViewController.swift in Sources */ = {isa = PBXBuildFile; fileRef = 8454BDC927D9CC940022D142 /* ReviewCDTAbleViewController.swift */; };
		8454BDD427D9D39D0022D142 /* reviewTableViewCell.swift in Sources */ = {isa = PBXBuildFile; fileRef = 8454BDD327D9D39D0022D142 /* reviewTableViewCell.swift */; };
		8454BDD927DA1CEC0022D142 /* TheReviews+CoreDataClass.swift in Sources */ = {isa = PBXBuildFile; fileRef = 8454BDD527DA1CEC0022D142 /* TheReviews+CoreDataClass.swift */; };
		8454BDDA27DA1CEC0022D142 /* TheReviews+CoreDataProperties.swift in Sources */ = {isa = PBXBuildFile; fileRef = 8454BDD627DA1CEC0022D142 /* TheReviews+CoreDataProperties.swift */; };
		8454BDDB27DA1CEC0022D142 /* TheUser+CoreDataClass.swift in Sources */ = {isa = PBXBuildFile; fileRef = 8454BDD727DA1CEC0022D142 /* TheUser+CoreDataClass.swift */; };
		8454BDDC27DA1CEC0022D142 /* TheUser+CoreDataProperties.swift in Sources */ = {isa = PBXBuildFile; fileRef = 8454BDD827DA1CEC0022D142 /* TheUser+CoreDataProperties.swift */; };
		845C6D9227CD10ED00C3208F /* RegisterViewController.swift in Sources */ = {isa = PBXBuildFile; fileRef = 845C6D9127CD10ED00C3208F /* RegisterViewController.swift */; };
		845C6D9427CD1B7800C3208F /* ForgotViewController.swift in Sources */ = {isa = PBXBuildFile; fileRef = 845C6D9327CD1B7800C3208F /* ForgotViewController.swift */; };
		84B0F88127D01D61001C3BF2 /* UserTableViewCell.swift in Sources */ = {isa = PBXBuildFile; fileRef = 84B0F88027D01D61001C3BF2 /* UserTableViewCell.swift */; };
		84B1089F27D65DD000D6573F /* DBhelper.swift in Sources */ = {isa = PBXBuildFile; fileRef = 84B1089E27D65DCF00D6573F /* DBhelper.swift */; };
		84B108B927D678C700D6573F /* LoginViewController.swift in Sources */ = {isa = PBXBuildFile; fileRef = 84B108B827D678C700D6573F /* LoginViewController.swift */; };
		84B1093B27D7AE4400D6573F /* EditUserViewController.swift in Sources */ = {isa = PBXBuildFile; fileRef = 84B1093A27D7AE4400D6573F /* EditUserViewController.swift */; };
		84BCD69D27C752A2000E504B /* AppDelegate.swift in Sources */ = {isa = PBXBuildFile; fileRef = 84BCD69C27C752A2000E504B /* AppDelegate.swift */; };
		84BCD69F27C752A2000E504B /* SceneDelegate.swift in Sources */ = {isa = PBXBuildFile; fileRef = 84BCD69E27C752A2000E504B /* SceneDelegate.swift */; };
		84BCD6A127C752A2000E504B /* ViewController.swift in Sources */ = {isa = PBXBuildFile; fileRef = 84BCD6A027C752A2000E504B /* ViewController.swift */; };
		84BCD6A427C752A2000E504B /* Main.storyboard in Resources */ = {isa = PBXBuildFile; fileRef = 84BCD6A227C752A2000E504B /* Main.storyboard */; };
		84BCD6A727C752A2000E504B /* vamaaw.xcdatamodeld in Sources */ = {isa = PBXBuildFile; fileRef = 84BCD6A527C752A2000E504B /* vamaaw.xcdatamodeld */; };
		84BCD6A927C752B1000E504B /* Assets.xcassets in Resources */ = {isa = PBXBuildFile; fileRef = 84BCD6A827C752B1000E504B /* Assets.xcassets */; };
		84BCD6AC27C752B1000E504B /* LaunchScreen.storyboard in Resources */ = {isa = PBXBuildFile; fileRef = 84BCD6AA27C752B1000E504B /* LaunchScreen.storyboard */; };
		84BCD6B727C752B2000E504B /* vamaawTests.swift in Sources */ = {isa = PBXBuildFile; fileRef = 84BCD6B627C752B2000E504B /* vamaawTests.swift */; };
		84BCD6C127C752B2000E504B /* vamaawUITests.swift in Sources */ = {isa = PBXBuildFile; fileRef = 84BCD6C027C752B2000E504B /* vamaawUITests.swift */; };
		84BCD6C327C752B2000E504B /* vamaawUITestsLaunchTests.swift in Sources */ = {isa = PBXBuildFile; fileRef = 84BCD6C227C752B2000E504B /* vamaawUITestsLaunchTests.swift */; };
		84FE03AD27D8B4B40067C6CB /* RatingCon.swift in Sources */ = {isa = PBXBuildFile; fileRef = 84FE03AC27D8B4B40067C6CB /* RatingCon.swift */; };
/* End PBXBuildFile section */

/* Begin PBXContainerItemProxy section */
		84BCD6B327C752B2000E504B /* PBXContainerItemProxy */ = {
			isa = PBXContainerItemProxy;
			containerPortal = 84BCD69127C752A2000E504B /* Project object */;
			proxyType = 1;
			remoteGlobalIDString = 84BCD69827C752A2000E504B;
			remoteInfo = vamaaw;
		};
		84BCD6BD27C752B2000E504B /* PBXContainerItemProxy */ = {
			isa = PBXContainerItemProxy;
			containerPortal = 84BCD69127C752A2000E504B /* Project object */;
			proxyType = 1;
			remoteGlobalIDString = 84BCD69827C752A2000E504B;
			remoteInfo = vamaaw;
		};
/* End PBXContainerItemProxy section */

/* Begin PBXFileReference section */
		84219E8627D11FB3002A95F2 /* SecondViewController.swift */ = {isa = PBXFileReference; lastKnownFileType = sourcecode.swift; path = SecondViewController.swift; sourceTree = "<group>"; };
		84219E8827D12FD9002A95F2 /* FoodViewController.swift */ = {isa = PBXFileReference; lastKnownFileType = sourcecode.swift; path = FoodViewController.swift; sourceTree = "<group>"; };
		84219E8A27D13097002A95F2 /* RoomViewController.swift */ = {isa = PBXFileReference; lastKnownFileType = sourcecode.swift; path = RoomViewController.swift; sourceTree = "<group>"; };
		8454BDC727D95FBD0022D142 /* aReviewViewController.swift */ = {isa = PBXFileReference; lastKnownFileType = sourcecode.swift; path = aReviewViewController.swift; sourceTree = "<group>"; };
		8454BDC927D9CC940022D142 /* ReviewCDTAbleViewController.swift */ = {isa = PBXFileReference; lastKnownFileType = sourcecode.swift; path = ReviewCDTAbleViewController.swift; sourceTree = "<group>"; };
		8454BDD327D9D39D0022D142 /* reviewTableViewCell.swift */ = {isa = PBXFileReference; lastKnownFileType = sourcecode.swift; path = reviewTableViewCell.swift; sourceTree = "<group>"; };
		8454BDD527DA1CEC0022D142 /* TheReviews+CoreDataClass.swift */ = {isa = PBXFileReference; lastKnownFileType = sourcecode.swift; path = "TheReviews+CoreDataClass.swift"; sourceTree = "<group>"; };
		8454BDD627DA1CEC0022D142 /* TheReviews+CoreDataProperties.swift */ = {isa = PBXFileReference; lastKnownFileType = sourcecode.swift; path = "TheReviews+CoreDataProperties.swift"; sourceTree = "<group>"; };
		8454BDD727DA1CEC0022D142 /* TheUser+CoreDataClass.swift */ = {isa = PBXFileReference; lastKnownFileType = sourcecode.swift; path = "TheUser+CoreDataClass.swift"; sourceTree = "<group>"; };
		8454BDD827DA1CEC0022D142 /* TheUser+CoreDataProperties.swift */ = {isa = PBXFileReference; lastKnownFileType = sourcecode.swift; path = "TheUser+CoreDataProperties.swift"; sourceTree = "<group>"; };
		845C6D9127CD10ED00C3208F /* RegisterViewController.swift */ = {isa = PBXFileReference; lastKnownFileType = sourcecode.swift; path = RegisterViewController.swift; sourceTree = "<group>"; };
		845C6D9327CD1B7800C3208F /* ForgotViewController.swift */ = {isa = PBXFileReference; lastKnownFileType = sourcecode.swift; path = ForgotViewController.swift; sourceTree = "<group>"; };
		84B0F88027D01D61001C3BF2 /* UserTableViewCell.swift */ = {isa = PBXFileReference; lastKnownFileType = sourcecode.swift; path = UserTableViewCell.swift; sourceTree = "<group>"; };
		84B1089E27D65DCF00D6573F /* DBhelper.swift */ = {isa = PBXFileReference; lastKnownFileType = sourcecode.swift; path = DBhelper.swift; sourceTree = "<group>"; };
		84B108B827D678C700D6573F /* LoginViewController.swift */ = {isa = PBXFileReference; lastKnownFileType = sourcecode.swift; path = LoginViewController.swift; sourceTree = "<group>"; };
		84B1093A27D7AE4400D6573F /* EditUserViewController.swift */ = {isa = PBXFileReference; lastKnownFileType = sourcecode.swift; path = EditUserViewController.swift; sourceTree = "<group>"; };
		84BCD69927C752A2000E504B /* vamaaw.app */ = {isa = PBXFileReference; explicitFileType = wrapper.application; includeInIndex = 0; path = vamaaw.app; sourceTree = BUILT_PRODUCTS_DIR; };
		84BCD69C27C752A2000E504B /* AppDelegate.swift */ = {isa = PBXFileReference; lastKnownFileType = sourcecode.swift; path = AppDelegate.swift; sourceTree = "<group>"; };
		84BCD69E27C752A2000E504B /* SceneDelegate.swift */ = {isa = PBXFileReference; lastKnownFileType = sourcecode.swift; path = SceneDelegate.swift; sourceTree = "<group>"; };
		84BCD6A027C752A2000E504B /* ViewController.swift */ = {isa = PBXFileReference; lastKnownFileType = sourcecode.swift; path = ViewController.swift; sourceTree = "<group>"; };
		84BCD6A327C752A2000E504B /* Base */ = {isa = PBXFileReference; lastKnownFileType = file.storyboard; name = Base; path = Base.lproj/Main.storyboard; sourceTree = "<group>"; };
		84BCD6A627C752A2000E504B /* vamaaw.xcdatamodel */ = {isa = PBXFileReference; lastKnownFileType = wrapper.xcdatamodel; path = vamaaw.xcdatamodel; sourceTree = "<group>"; };
		84BCD6A827C752B1000E504B /* Assets.xcassets */ = {isa = PBXFileReference; lastKnownFileType = folder.assetcatalog; path = Assets.xcassets; sourceTree = "<group>"; };
		84BCD6AB27C752B1000E504B /* Base */ = {isa = PBXFileReference; lastKnownFileType = file.storyboard; name = Base; path = Base.lproj/LaunchScreen.storyboard; sourceTree = "<group>"; };
		84BCD6AD27C752B1000E504B /* Info.plist */ = {isa = PBXFileReference; lastKnownFileType = text.plist.xml; path = Info.plist; sourceTree = "<group>"; };
		84BCD6B227C752B2000E504B /* vamaawTests.xctest */ = {isa = PBXFileReference; explicitFileType = wrapper.cfbundle; includeInIndex = 0; path = vamaawTests.xctest; sourceTree = BUILT_PRODUCTS_DIR; };
		84BCD6B627C752B2000E504B /* vamaawTests.swift */ = {isa = PBXFileReference; lastKnownFileType = sourcecode.swift; path = vamaawTests.swift; sourceTree = "<group>"; };
		84BCD6BC27C752B2000E504B /* vamaawUITests.xctest */ = {isa = PBXFileReference; explicitFileType = wrapper.cfbundle; includeInIndex = 0; path = vamaawUITests.xctest; sourceTree = BUILT_PRODUCTS_DIR; };
		84BCD6C027C752B2000E504B /* vamaawUITests.swift */ = {isa = PBXFileReference; lastKnownFileType = sourcecode.swift; path = vamaawUITests.swift; sourceTree = "<group>"; };
		84BCD6C227C752B2000E504B /* vamaawUITestsLaunchTests.swift */ = {isa = PBXFileReference; lastKnownFileType = sourcecode.swift; path = vamaawUITestsLaunchTests.swift; sourceTree = "<group>"; };
		84FE03AC27D8B4B40067C6CB /* RatingCon.swift */ = {isa = PBXFileReference; lastKnownFileType = sourcecode.swift; path = RatingCon.swift; sourceTree = "<group>"; };
/* End PBXFileReference section */

/* Begin PBXFrameworksBuildPhase section */
		84BCD69627C752A2000E504B /* Frameworks */ = {
			isa = PBXFrameworksBuildPhase;
			buildActionMask = 2147483647;
			files = (
			);
			runOnlyForDeploymentPostprocessing = 0;
		};
		84BCD6AF27C752B2000E504B /* Frameworks */ = {
			isa = PBXFrameworksBuildPhase;
			buildActionMask = 2147483647;
			files = (
			);
			runOnlyForDeploymentPostprocessing = 0;
		};
		84BCD6B927C752B2000E504B /* Frameworks */ = {
			isa = PBXFrameworksBuildPhase;
			buildActionMask = 2147483647;
			files = (
			);
			runOnlyForDeploymentPostprocessing = 0;
		};
/* End PBXFrameworksBuildPhase section */

/* Begin PBXGroup section */
		84BCD69027C752A2000E504B = {
			isa = PBXGroup;
			children = (
				8454BDD527DA1CEC0022D142 /* TheReviews+CoreDataClass.swift */,
				8454BDD627DA1CEC0022D142 /* TheReviews+CoreDataProperties.swift */,
				8454BDD727DA1CEC0022D142 /* TheUser+CoreDataClass.swift */,
				8454BDD827DA1CEC0022D142 /* TheUser+CoreDataProperties.swift */,
				84B1089E27D65DCF00D6573F /* DBhelper.swift */,
				84BCD69B27C752A2000E504B /* vamaaw */,
				84BCD6B527C752B2000E504B /* vamaawTests */,
				84BCD6BF27C752B2000E504B /* vamaawUITests */,
				84BCD69A27C752A2000E504B /* Products */,
			);
			sourceTree = "<group>";
		};
		84BCD69A27C752A2000E504B /* Products */ = {
			isa = PBXGroup;
			children = (
				84BCD69927C752A2000E504B /* vamaaw.app */,
				84BCD6B227C752B2000E504B /* vamaawTests.xctest */,
				84BCD6BC27C752B2000E504B /* vamaawUITests.xctest */,
			);
			name = Products;
			sourceTree = "<group>";
		};
		84BCD69B27C752A2000E504B /* vamaaw */ = {
			isa = PBXGroup;
			children = (
				84FE03AC27D8B4B40067C6CB /* RatingCon.swift */,
				8454BDC727D95FBD0022D142 /* aReviewViewController.swift */,
				84BCD69C27C752A2000E504B /* AppDelegate.swift */,
				84BCD69E27C752A2000E504B /* SceneDelegate.swift */,
				84BCD6A027C752A2000E504B /* ViewController.swift */,
				84219E8627D11FB3002A95F2 /* SecondViewController.swift */,
				84219E8827D12FD9002A95F2 /* FoodViewController.swift */,
				84B0F88027D01D61001C3BF2 /* UserTableViewCell.swift */,
				8454BDC927D9CC940022D142 /* ReviewCDTAbleViewController.swift */,
				8454BDD327D9D39D0022D142 /* reviewTableViewCell.swift */,
				84BCD6A227C752A2000E504B /* Main.storyboard */,
				84B1093A27D7AE4400D6573F /* EditUserViewController.swift */,
				84219E8A27D13097002A95F2 /* RoomViewController.swift */,
				845C6D9327CD1B7800C3208F /* ForgotViewController.swift */,
				84BCD6A827C752B1000E504B /* Assets.xcassets */,
				84BCD6AA27C752B1000E504B /* LaunchScreen.storyboard */,
				84BCD6AD27C752B1000E504B /* Info.plist */,
				84BCD6A527C752A2000E504B /* vamaaw.xcdatamodeld */,
				845C6D9127CD10ED00C3208F /* RegisterViewController.swift */,
				84B108B827D678C700D6573F /* LoginViewController.swift */,
			);
			path = vamaaw;
			sourceTree = "<group>";
		};
		84BCD6B527C752B2000E504B /* vamaawTests */ = {
			isa = PBXGroup;
			children = (
				84BCD6B627C752B2000E504B /* vamaawTests.swift */,
			);
			path = vamaawTests;
			sourceTree = "<group>";
		};
		84BCD6BF27C752B2000E504B /* vamaawUITests */ = {
			isa = PBXGroup;
			children = (
				84BCD6C027C752B2000E504B /* vamaawUITests.swift */,
				84BCD6C227C752B2000E504B /* vamaawUITestsLaunchTests.swift */,
			);
			path = vamaawUITests;
			sourceTree = "<group>";
		};
/* End PBXGroup section */

/* Begin PBXNativeTarget section */
		84BCD69827C752A2000E504B /* vamaaw */ = {
			isa = PBXNativeTarget;
			buildConfigurationList = 84BCD6C627C752B2000E504B /* Build configuration list for PBXNativeTarget "vamaaw" */;
			buildPhases = (
				84BCD69527C752A2000E504B /* Sources */,
				84BCD69627C752A2000E504B /* Frameworks */,
				84BCD69727C752A2000E504B /* Resources */,
			);
			buildRules = (
			);
			dependencies = (
			);
			name = vamaaw;
			productName = vamaaw;
			productReference = 84BCD69927C752A2000E504B /* vamaaw.app */;
			productType = "com.apple.product-type.application";
		};
		84BCD6B127C752B2000E504B /* vamaawTests */ = {
			isa = PBXNativeTarget;
			buildConfigurationList = 84BCD6C927C752B2000E504B /* Build configuration list for PBXNativeTarget "vamaawTests" */;
			buildPhases = (
				84BCD6AE27C752B2000E504B /* Sources */,
				84BCD6AF27C752B2000E504B /* Frameworks */,
				84BCD6B027C752B2000E504B /* Resources */,
			);
			buildRules = (
			);
			dependencies = (
				84BCD6B427C752B2000E504B /* PBXTargetDependency */,
			);
			name = vamaawTests;
			productName = vamaawTests;
			productReference = 84BCD6B227C752B2000E504B /* vamaawTests.xctest */;
			productType = "com.apple.product-type.bundle.unit-test";
		};
		84BCD6BB27C752B2000E504B /* vamaawUITests */ = {
			isa = PBXNativeTarget;
			buildConfigurationList = 84BCD6CC27C752B2000E504B /* Build configuration list for PBXNativeTarget "vamaawUITests" */;
			buildPhases = (
				84BCD6B827C752B2000E504B /* Sources */,
				84BCD6B927C752B2000E504B /* Frameworks */,
				84BCD6BA27C752B2000E504B /* Resources */,
			);
			buildRules = (
			);
			dependencies = (
				84BCD6BE27C752B2000E504B /* PBXTargetDependency */,
			);
			name = vamaawUITests;
			productName = vamaawUITests;
			productReference = 84BCD6BC27C752B2000E504B /* vamaawUITests.xctest */;
			productType = "com.apple.product-type.bundle.ui-testing";
		};
/* End PBXNativeTarget section */

/* Begin PBXProject section */
		84BCD69127C752A2000E504B /* Project object */ = {
			isa = PBXProject;
			attributes = {
				BuildIndependentTargetsInParallel = 1;
				LastSwiftUpdateCheck = 1310;
				LastUpgradeCheck = 1310;
				TargetAttributes = {
					84BCD69827C752A2000E504B = {
						CreatedOnToolsVersion = 13.1;
					};
					84BCD6B127C752B2000E504B = {
						CreatedOnToolsVersion = 13.1;
						TestTargetID = 84BCD69827C752A2000E504B;
					};
					84BCD6BB27C752B2000E504B = {
						CreatedOnToolsVersion = 13.1;
						TestTargetID = 84BCD69827C752A2000E504B;
					};
				};
			};
			buildConfigurationList = 84BCD69427C752A2000E504B /* Build configuration list for PBXProject "vamaaw" */;
			compatibilityVersion = "Xcode 13.0";
			developmentRegion = en;
			hasScannedForEncodings = 0;
			knownRegions = (
				en,
				Base,
			);
			mainGroup = 84BCD69027C752A2000E504B;
			productRefGroup = 84BCD69A27C752A2000E504B /* Products */;
			projectDirPath = "";
			projectRoot = "";
			targets = (
				84BCD69827C752A2000E504B /* vamaaw */,
				84BCD6B127C752B2000E504B /* vamaawTests */,
				84BCD6BB27C752B2000E504B /* vamaawUITests */,
			);
		};
/* End PBXProject section */

/* Begin PBXResourcesBuildPhase section */
		84BCD69727C752A2000E504B /* Resources */ = {
			isa = PBXResourcesBuildPhase;
			buildActionMask = 2147483647;
			files = (
				84BCD6AC27C752B1000E504B /* LaunchScreen.storyboard in Resources */,
				84BCD6A927C752B1000E504B /* Assets.xcassets in Resources */,
				84BCD6A427C752A2000E504B /* Main.storyboard in Resources */,
			);
			runOnlyForDeploymentPostprocessing = 0;
		};
		84BCD6B027C752B2000E504B /* Resources */ = {
			isa = PBXResourcesBuildPhase;
			buildActionMask = 2147483647;
			files = (
			);
			runOnlyForDeploymentPostprocessing = 0;
		};
		84BCD6BA27C752B2000E504B /* Resources */ = {
			isa = PBXResourcesBuildPhase;
			buildActionMask = 2147483647;
			files = (
			);
			runOnlyForDeploymentPostprocessing = 0;
		};
/* End PBXResourcesBuildPhase section */

/* Begin PBXSourcesBuildPhase section */
		84BCD69527C752A2000E504B /* Sources */ = {
			isa = PBXSourcesBuildPhase;
			buildActionMask = 2147483647;
			files = (
				8454BDCA27D9CC950022D142 /* ReviewCDTAbleViewController.swift in Sources */,
				84BCD6A727C752A2000E504B /* vamaaw.xcdatamodeld in Sources */,
				8454BDDB27DA1CEC0022D142 /* TheUser+CoreDataClass.swift in Sources */,
				8454BDDA27DA1CEC0022D142 /* TheReviews+CoreDataProperties.swift in Sources */,
				845C6D9227CD10ED00C3208F /* RegisterViewController.swift in Sources */,
				8454BDDC27DA1CEC0022D142 /* TheUser+CoreDataProperties.swift in Sources */,
				8454BDD927DA1CEC0022D142 /* TheReviews+CoreDataClass.swift in Sources */,
				8454BDC827D95FBD0022D142 /* aReviewViewController.swift in Sources */,
				84BCD6A127C752A2000E504B /* ViewController.swift in Sources */,
				84B1089F27D65DD000D6573F /* DBhelper.swift in Sources */,
				84FE03AD27D8B4B40067C6CB /* RatingCon.swift in Sources */,
				84219E8727D11FB3002A95F2 /* SecondViewController.swift in Sources */,
				8454BDD427D9D39D0022D142 /* reviewTableViewCell.swift in Sources */,
				84B0F88127D01D61001C3BF2 /* UserTableViewCell.swift in Sources */,
				84219E8B27D13097002A95F2 /* RoomViewController.swift in Sources */,
				84219E8927D12FD9002A95F2 /* FoodViewController.swift in Sources */,
				84BCD69D27C752A2000E504B /* AppDelegate.swift in Sources */,
				84B108B927D678C700D6573F /* LoginViewController.swift in Sources */,
				84B1093B27D7AE4400D6573F /* EditUserViewController.swift in Sources */,
				84BCD69F27C752A2000E504B /* SceneDelegate.swift in Sources */,
				845C6D9427CD1B7800C3208F /* ForgotViewController.swift in Sources */,
			);
			runOnlyForDeploymentPostprocessing = 0;
		};
		84BCD6AE27C752B2000E504B /* Sources */ = {
			isa = PBXSourcesBuildPhase;
			buildActionMask = 2147483647;
			files = (
				84BCD6B727C752B2000E504B /* vamaawTests.swift in Sources */,
			);
			runOnlyForDeploymentPostprocessing = 0;
		};
		84BCD6B827C752B2000E504B /* Sources */ = {
			isa = PBXSourcesBuildPhase;
			buildActionMask = 2147483647;
			files = (
				84BCD6C127C752B2000E504B /* vamaawUITests.swift in Sources */,
				84BCD6C327C752B2000E504B /* vamaawUITestsLaunchTests.swift in Sources */,
			);
			runOnlyForDeploymentPostprocessing = 0;
		};
/* End PBXSourcesBuildPhase section */

/* Begin PBXTargetDependency section */
		84BCD6B427C752B2000E504B /* PBXTargetDependency */ = {
			isa = PBXTargetDependency;
			target = 84BCD69827C752A2000E504B /* vamaaw */;
			targetProxy = 84BCD6B327C752B2000E504B /* PBXContainerItemProxy */;
		};
		84BCD6BE27C752B2000E504B /* PBXTargetDependency */ = {
			isa = PBXTargetDependency;
			target = 84BCD69827C752A2000E504B /* vamaaw */;
			targetProxy = 84BCD6BD27C752B2000E504B /* PBXContainerItemProxy */;
		};
/* End PBXTargetDependency section */

/* Begin PBXVariantGroup section */
		84BCD6A227C752A2000E504B /* Main.storyboard */ = {
			isa = PBXVariantGroup;
			children = (
				84BCD6A327C752A2000E504B /* Base */,
			);
			name = Main.storyboard;
			sourceTree = "<group>";
		};
		84BCD6AA27C752B1000E504B /* LaunchScreen.storyboard */ = {
			isa = PBXVariantGroup;
			children = (
				84BCD6AB27C752B1000E504B /* Base */,
			);
			name = LaunchScreen.storyboard;
			sourceTree = "<group>";
		};
/* End PBXVariantGroup section */

/* Begin XCBuildConfiguration section */
		84BCD6C427C752B2000E504B /* Debug */ = {
			isa = XCBuildConfiguration;
			buildSettings = {
				ALWAYS_SEARCH_USER_PATHS = NO;
				CLANG_ANALYZER_NONNULL = YES;
				CLANG_ANALYZER_NUMBER_OBJECT_CONVERSION = YES_AGGRESSIVE;
				CLANG_CXX_LANGUAGE_STANDARD = "gnu++17";
				CLANG_CXX_LIBRARY = "libc++";
				CLANG_ENABLE_MODULES = YES;
				CLANG_ENABLE_OBJC_ARC = YES;
				CLANG_ENABLE_OBJC_WEAK = YES;
				CLANG_WARN_BLOCK_CAPTURE_AUTORELEASING = YES;
				CLANG_WARN_BOOL_CONVERSION = YES;
				CLANG_WARN_COMMA = YES;
				CLANG_WARN_CONSTANT_CONVERSION = YES;
				CLANG_WARN_DEPRECATED_OBJC_IMPLEMENTATIONS = YES;
				CLANG_WARN_DIRECT_OBJC_ISA_USAGE = YES_ERROR;
				CLANG_WARN_DOCUMENTATION_COMMENTS = YES;
				CLANG_WARN_EMPTY_BODY = YES;
				CLANG_WARN_ENUM_CONVERSION = YES;
				CLANG_WARN_INFINITE_RECURSION = YES;
				CLANG_WARN_INT_CONVERSION = YES;
				CLANG_WARN_NON_LITERAL_NULL_CONVERSION = YES;
				CLANG_WARN_OBJC_IMPLICIT_RETAIN_SELF = YES;
				CLANG_WARN_OBJC_LITERAL_CONVERSION = YES;
				CLANG_WARN_OBJC_ROOT_CLASS = YES_ERROR;
				CLANG_WARN_QUOTED_INCLUDE_IN_FRAMEWORK_HEADER = YES;
				CLANG_WARN_RANGE_LOOP_ANALYSIS = YES;
				CLANG_WARN_STRICT_PROTOTYPES = YES;
				CLANG_WARN_SUSPICIOUS_MOVE = YES;
				CLANG_WARN_UNGUARDED_AVAILABILITY = YES_AGGRESSIVE;
				CLANG_WARN_UNREACHABLE_CODE = YES;
				CLANG_WARN__DUPLICATE_METHOD_MATCH = YES;
				COPY_PHASE_STRIP = NO;
				DEBUG_INFORMATION_FORMAT = dwarf;
				ENABLE_STRICT_OBJC_MSGSEND = YES;
				ENABLE_TESTABILITY = YES;
				GCC_C_LANGUAGE_STANDARD = gnu11;
				GCC_DYNAMIC_NO_PIC = NO;
				GCC_NO_COMMON_BLOCKS = YES;
				GCC_OPTIMIZATION_LEVEL = 0;
				GCC_PREPROCESSOR_DEFINITIONS = (
					"DEBUG=1",
					"$(inherited)",
				);
				GCC_WARN_64_TO_32_BIT_CONVERSION = YES;
				GCC_WARN_ABOUT_RETURN_TYPE = YES_ERROR;
				GCC_WARN_UNDECLARED_SELECTOR = YES;
				GCC_WARN_UNINITIALIZED_AUTOS = YES_AGGRESSIVE;
				GCC_WARN_UNUSED_FUNCTION = YES;
				GCC_WARN_UNUSED_VARIABLE = YES;
				IPHONEOS_DEPLOYMENT_TARGET = 15.0;
				MTL_ENABLE_DEBUG_INFO = INCLUDE_SOURCE;
				MTL_FAST_MATH = YES;
				ONLY_ACTIVE_ARCH = YES;
				SDKROOT = iphoneos;
				SWIFT_ACTIVE_COMPILATION_CONDITIONS = DEBUG;
				SWIFT_OPTIMIZATION_LEVEL = "-Onone";
			};
			name = Debug;
		};
		84BCD6C527C752B2000E504B /* Release */ = {
			isa = XCBuildConfiguration;
			buildSettings = {
				ALWAYS_SEARCH_USER_PATHS = NO;
				CLANG_ANALYZER_NONNULL = YES;
				CLANG_ANALYZER_NUMBER_OBJECT_CONVERSION = YES_AGGRESSIVE;
				CLANG_CXX_LANGUAGE_STANDARD = "gnu++17";
				CLANG_CXX_LIBRARY = "libc++";
				CLANG_ENABLE_MODULES = YES;
				CLANG_ENABLE_OBJC_ARC = YES;
				CLANG_ENABLE_OBJC_WEAK = YES;
				CLANG_WARN_BLOCK_CAPTURE_AUTORELEASING = YES;
				CLANG_WARN_BOOL_CONVERSION = YES;
				CLANG_WARN_COMMA = YES;
				CLANG_WARN_CONSTANT_CONVERSION = YES;
				CLANG_WARN_DEPRECATED_OBJC_IMPLEMENTATIONS = YES;
				CLANG_WARN_DIRECT_OBJC_ISA_USAGE = YES_ERROR;
				CLANG_WARN_DOCUMENTATION_COMMENTS = YES;
				CLANG_WARN_EMPTY_BODY = YES;
				CLANG_WARN_ENUM_CONVERSION = YES;
				CLANG_WARN_INFINITE_RECURSION = YES;
				CLANG_WARN_INT_CONVERSION = YES;
				CLANG_WARN_NON_LITERAL_NULL_CONVERSION = YES;
				CLANG_WARN_OBJC_IMPLICIT_RETAIN_SELF = YES;
				CLANG_WARN_OBJC_LITERAL_CONVERSION = YES;
				CLANG_WARN_OBJC_ROOT_CLASS = YES_ERROR;
				CLANG_WARN_QUOTED_INCLUDE_IN_FRAMEWORK_HEADER = YES;
				CLANG_WARN_RANGE_LOOP_ANALYSIS = YES;
				CLANG_WARN_STRICT_PROTOTYPES = YES;
				CLANG_WARN_SUSPICIOUS_MOVE = YES;
				CLANG_WARN_UNGUARDED_AVAILABILITY = YES_AGGRESSIVE;
				CLANG_WARN_UNREACHABLE_CODE = YES;
				CLANG_WARN__DUPLICATE_METHOD_MATCH = YES;
				COPY_PHASE_STRIP = NO;
				DEBUG_INFORMATION_FORMAT = "dwarf-with-dsym";
				ENABLE_NS_ASSERTIONS = NO;
				ENABLE_STRICT_OBJC_MSGSEND = YES;
				GCC_C_LANGUAGE_STANDARD = gnu11;
				GCC_NO_COMMON_BLOCKS = YES;
				GCC_WARN_64_TO_32_BIT_CONVERSION = YES;
				GCC_WARN_ABOUT_RETURN_TYPE = YES_ERROR;
				GCC_WARN_UNDECLARED_SELECTOR = YES;
				GCC_WARN_UNINITIALIZED_AUTOS = YES_AGGRESSIVE;
				GCC_WARN_UNUSED_FUNCTION = YES;
				GCC_WARN_UNUSED_VARIABLE = YES;
				IPHONEOS_DEPLOYMENT_TARGET = 15.0;
				MTL_ENABLE_DEBUG_INFO = NO;
				MTL_FAST_MATH = YES;
				SDKROOT = iphoneos;
				SWIFT_COMPILATION_MODE = wholemodule;
				SWIFT_OPTIMIZATION_LEVEL = "-O";
				VALIDATE_PRODUCT = YES;
			};
			name = Release;
		};
		84BCD6C727C752B2000E504B /* Debug */ = {
			isa = XCBuildConfiguration;
			buildSettings = {
				ASSETCATALOG_COMPILER_APPICON_NAME = AppIcon;
				ASSETCATALOG_COMPILER_GLOBAL_ACCENT_COLOR_NAME = AccentColor;
				CODE_SIGN_IDENTITY = "Apple Development";
				CODE_SIGN_STYLE = Automatic;
				CURRENT_PROJECT_VERSION = 1;
				DEVELOPMENT_TEAM = S5TT9FV665;
				GENERATE_INFOPLIST_FILE = YES;
				INFOPLIST_FILE = vamaaw/Info.plist;
				INFOPLIST_KEY_UIApplicationSupportsIndirectInputEvents = YES;
				INFOPLIST_KEY_UILaunchStoryboardName = LaunchScreen;
				INFOPLIST_KEY_UIMainStoryboardFile = Main;
				INFOPLIST_KEY_UISupportedInterfaceOrientations_iPad = "UIInterfaceOrientationPortrait UIInterfaceOrientationPortraitUpsideDown UIInterfaceOrientationLandscapeLeft UIInterfaceOrientationLandscapeRight";
				INFOPLIST_KEY_UISupportedInterfaceOrientations_iPhone = "UIInterfaceOrientationPortrait UIInterfaceOrientationLandscapeLeft UIInterfaceOrientationLandscapeRight";
				LD_RUNPATH_SEARCH_PATHS = (
					"$(inherited)",
					"@executable_path/Frameworks",
				);
				MARKETING_VERSION = 1.0;
				PRODUCT_BUNDLE_IDENTIFIER = vamaaw.vamaaw;
				PRODUCT_NAME = "$(TARGET_NAME)";
				PROVISIONING_PROFILE_SPECIFIER = "";
				SWIFT_EMIT_LOC_STRINGS = YES;
				SWIFT_VERSION = 5.0;
				TARGETED_DEVICE_FAMILY = "1,2";
			};
			name = Debug;
		};
		84BCD6C827C752B2000E504B /* Release */ = {
			isa = XCBuildConfiguration;
			buildSettings = {
				ASSETCATALOG_COMPILER_APPICON_NAME = AppIcon;
				ASSETCATALOG_COMPILER_GLOBAL_ACCENT_COLOR_NAME = AccentColor;
				CODE_SIGN_IDENTITY = "Apple Development";
				CODE_SIGN_STYLE = Automatic;
				CURRENT_PROJECT_VERSION = 1;
				DEVELOPMENT_TEAM = S5TT9FV665;
				GENERATE_INFOPLIST_FILE = YES;
				INFOPLIST_FILE = vamaaw/Info.plist;
				INFOPLIST_KEY_UIApplicationSupportsIndirectInputEvents = YES;
				INFOPLIST_KEY_UILaunchStoryboardName = LaunchScreen;
				INFOPLIST_KEY_UIMainStoryboardFile = Main;
				INFOPLIST_KEY_UISupportedInterfaceOrientations_iPad = "UIInterfaceOrientationPortrait UIInterfaceOrientationPortraitUpsideDown UIInterfaceOrientationLandscapeLeft UIInterfaceOrientationLandscapeRight";
				INFOPLIST_KEY_UISupportedInterfaceOrientations_iPhone = "UIInterfaceOrientationPortrait UIInterfaceOrientationLandscapeLeft UIInterfaceOrientationLandscapeRight";
				LD_RUNPATH_SEARCH_PATHS = (
					"$(inherited)",
					"@executable_path/Frameworks",
				);
				MARKETING_VERSION = 1.0;
				PRODUCT_BUNDLE_IDENTIFIER = vamaaw.vamaaw;
				PRODUCT_NAME = "$(TARGET_NAME)";
				PROVISIONING_PROFILE_SPECIFIER = "";
				SWIFT_EMIT_LOC_STRINGS = YES;
				SWIFT_VERSION = 5.0;
				TARGETED_DEVICE_FAMILY = "1,2";
			};
			name = Release;
		};
		84BCD6CA27C752B2000E504B /* Debug */ = {
			isa = XCBuildConfiguration;
			buildSettings = {
				ALWAYS_EMBED_SWIFT_STANDARD_LIBRARIES = YES;
				BUNDLE_LOADER = "$(TEST_HOST)";
				CODE_SIGN_STYLE = Automatic;
				CURRENT_PROJECT_VERSION = 1;
				DEVELOPMENT_TEAM = S5TT9FV665;
				GENERATE_INFOPLIST_FILE = YES;
				IPHONEOS_DEPLOYMENT_TARGET = 15.0;
				LD_RUNPATH_SEARCH_PATHS = (
					"$(inherited)",
					"@executable_path/Frameworks",
					"@loader_path/Frameworks",
				);
				MARKETING_VERSION = 1.0;
				PRODUCT_BUNDLE_IDENTIFIER = vamaaw.vamaawTests;
				PRODUCT_NAME = "$(TARGET_NAME)";
				SWIFT_EMIT_LOC_STRINGS = NO;
				SWIFT_VERSION = 5.0;
				TARGETED_DEVICE_FAMILY = "1,2";
				TEST_HOST = "$(BUILT_PRODUCTS_DIR)/vamaaw.app/vamaaw";
			};
			name = Debug;
		};
		84BCD6CB27C752B2000E504B /* Release */ = {
			isa = XCBuildConfiguration;
			buildSettings = {
				ALWAYS_EMBED_SWIFT_STANDARD_LIBRARIES = YES;
				BUNDLE_LOADER = "$(TEST_HOST)";
				CODE_SIGN_STYLE = Automatic;
				CURRENT_PROJECT_VERSION = 1;
				DEVELOPMENT_TEAM = S5TT9FV665;
				GENERATE_INFOPLIST_FILE = YES;
				IPHONEOS_DEPLOYMENT_TARGET = 15.0;
				LD_RUNPATH_SEARCH_PATHS = (
					"$(inherited)",
					"@executable_path/Frameworks",
					"@loader_path/Frameworks",
				);
				MARKETING_VERSION = 1.0;
				PRODUCT_BUNDLE_IDENTIFIER = vamaaw.vamaawTests;
				PRODUCT_NAME = "$(TARGET_NAME)";
				SWIFT_EMIT_LOC_STRINGS = NO;
				SWIFT_VERSION = 5.0;
				TARGETED_DEVICE_FAMILY = "1,2";
				TEST_HOST = "$(BUILT_PRODUCTS_DIR)/vamaaw.app/vamaaw";
			};
			name = Release;
		};
		84BCD6CD27C752B2000E504B /* Debug */ = {
			isa = XCBuildConfiguration;
			buildSettings = {
				ALWAYS_EMBED_SWIFT_STANDARD_LIBRARIES = YES;
				CODE_SIGN_STYLE = Automatic;
				CURRENT_PROJECT_VERSION = 1;
				DEVELOPMENT_TEAM = S5TT9FV665;
				GENERATE_INFOPLIST_FILE = YES;
				LD_RUNPATH_SEARCH_PATHS = (
					"$(inherited)",
					"@executable_path/Frameworks",
					"@loader_path/Frameworks",
				);
				MARKETING_VERSION = 1.0;
				PRODUCT_BUNDLE_IDENTIFIER = vamaaw.vamaawUITests;
				PRODUCT_NAME = "$(TARGET_NAME)";
				SWIFT_EMIT_LOC_STRINGS = NO;
				SWIFT_VERSION = 5.0;
				TARGETED_DEVICE_FAMILY = "1,2";
				TEST_TARGET_NAME = vamaaw;
			};
			name = Debug;
		};
		84BCD6CE27C752B2000E504B /* Release */ = {
			isa = XCBuildConfiguration;
			buildSettings = {
				ALWAYS_EMBED_SWIFT_STANDARD_LIBRARIES = YES;
				CODE_SIGN_STYLE = Automatic;
				CURRENT_PROJECT_VERSION = 1;
				DEVELOPMENT_TEAM = S5TT9FV665;
				GENERATE_INFOPLIST_FILE = YES;
				LD_RUNPATH_SEARCH_PATHS = (
					"$(inherited)",
					"@executable_path/Frameworks",
					"@loader_path/Frameworks",
				);
				MARKETING_VERSION = 1.0;
				PRODUCT_BUNDLE_IDENTIFIER = vamaaw.vamaawUITests;
				PRODUCT_NAME = "$(TARGET_NAME)";
				SWIFT_EMIT_LOC_STRINGS = NO;
				SWIFT_VERSION = 5.0;
				TARGETED_DEVICE_FAMILY = "1,2";
				TEST_TARGET_NAME = vamaaw;
			};
			name = Release;
		};
/* End XCBuildConfiguration section */

/* Begin XCConfigurationList section */
		84BCD69427C752A2000E504B /* Build configuration list for PBXProject "vamaaw" */ = {
			isa = XCConfigurationList;
			buildConfigurations = (
				84BCD6C427C752B2000E504B /* Debug */,
				84BCD6C527C752B2000E504B /* Release */,
			);
			defaultConfigurationIsVisible = 0;
			defaultConfigurationName = Release;
		};
		84BCD6C627C752B2000E504B /* Build configuration list for PBXNativeTarget "vamaaw" */ = {
			isa = XCConfigurationList;
			buildConfigurations = (
				84BCD6C727C752B2000E504B /* Debug */,
				84BCD6C827C752B2000E504B /* Release */,
			);
			defaultConfigurationIsVisible = 0;
			defaultConfigurationName = Release;
		};
		84BCD6C927C752B2000E504B /* Build configuration list for PBXNativeTarget "vamaawTests" */ = {
			isa = XCConfigurationList;
			buildConfigurations = (
				84BCD6CA27C752B2000E504B /* Debug */,
				84BCD6CB27C752B2000E504B /* Release */,
			);
			defaultConfigurationIsVisible = 0;
			defaultConfigurationName = Release;
		};
		84BCD6CC27C752B2000E504B /* Build configuration list for PBXNativeTarget "vamaawUITests" */ = {
			isa = XCConfigurationList;
			buildConfigurations = (
				84BCD6CD27C752B2000E504B /* Debug */,
				84BCD6CE27C752B2000E504B /* Release */,
			);
			defaultConfigurationIsVisible = 0;
			defaultConfigurationName = Release;
		};
/* End XCConfigurationList section */

/* Begin XCVersionGroup section */
		84BCD6A527C752A2000E504B /* vamaaw.xcdatamodeld */ = {
			isa = XCVersionGroup;
			children = (
				84BCD6A627C752A2000E504B /* vamaaw.xcdatamodel */,
			);
			currentVersion = 84BCD6A627C752A2000E504B /* vamaaw.xcdatamodel */;
			path = vamaaw.xcdatamodeld;
			sourceTree = "<group>";
			versionGroupType = wrapper.xcdatamodel;
		};
/* End XCVersionGroup section */
	};
	rootObject = 84BCD69127C752A2000E504B /* Project object */;
}
